// !$*UTF8*$!
{
	archiveVersion = 1;
	classes = {
	};
	objectVersion = 55;
	objects = {

/* Begin PBXBuildFile section */
		0AF9A0B15746A847FE4F729A /* Pods_Test.framework in Frameworks */ = {isa = PBXBuildFile; fileRef = F83DEE40F633D7C06F8E8F7E /* Pods_Test.framework */; };
		783206032898B95B009827F6 /* AppDelegate.swift in Sources */ = {isa = PBXBuildFile; fileRef = 783206022898B95B009827F6 /* AppDelegate.swift */; };
		783206052898B95B009827F6 /* SceneDelegate.swift in Sources */ = {isa = PBXBuildFile; fileRef = 783206042898B95B009827F6 /* SceneDelegate.swift */; };
		783206072898B95B009827F6 /* ViewController.swift in Sources */ = {isa = PBXBuildFile; fileRef = 783206062898B95B009827F6 /* ViewController.swift */; };
		7832060A2898B95B009827F6 /* Main.storyboard in Resources */ = {isa = PBXBuildFile; fileRef = 783206082898B95B009827F6 /* Main.storyboard */; };
		7832060C2898B95B009827F6 /* Assets.xcassets in Resources */ = {isa = PBXBuildFile; fileRef = 7832060B2898B95B009827F6 /* Assets.xcassets */; };
		7832060F2898B95B009827F6 /* LaunchScreen.storyboard in Resources */ = {isa = PBXBuildFile; fileRef = 7832060D2898B95B009827F6 /* LaunchScreen.storyboard */; };
		783206172898D95E009827F6 /* SignUpViewController.swift in Sources */ = {isa = PBXBuildFile; fileRef = 783206162898D95E009827F6 /* SignUpViewController.swift */; };
		785A21F1289A4F94003379FD /* tabBarViewController.swift in Sources */ = {isa = PBXBuildFile; fileRef = 785A21F0289A4F94003379FD /* tabBarViewController.swift */; };
		785A21F3289A5B74003379FD /* BarGraphViewController.swift in Sources */ = {isa = PBXBuildFile; fileRef = 785A21F2289A5B74003379FD /* BarGraphViewController.swift */; };
		785A21F5289A621A003379FD /* barGraphView.swift in Sources */ = {isa = PBXBuildFile; fileRef = 785A21F4289A621A003379FD /* barGraphView.swift */; };
		785A221B289A740D003379FD /* TestData.swift in Sources */ = {isa = PBXBuildFile; fileRef = 785A221A289A740D003379FD /* TestData.swift */; };
		788553B1289B7C53008C56C3 /* TestViewController.swift in Sources */ = {isa = PBXBuildFile; fileRef = 788553B0289B7C53008C56C3 /* TestViewController.swift */; };
		788553B3289B7CBE008C56C3 /* SettingsViewController.swift in Sources */ = {isa = PBXBuildFile; fileRef = 788553B2289B7CBE008C56C3 /* SettingsViewController.swift */; };
		788553B5289B7CC9008C56C3 /* HomeViewController.swift in Sources */ = {isa = PBXBuildFile; fileRef = 788553B4289B7CC9008C56C3 /* HomeViewController.swift */; };
		788553B9289B94E9008C56C3 /* DateCollectionViewCell.swift in Sources */ = {isa = PBXBuildFile; fileRef = 788553B8289B94E9008C56C3 /* DateCollectionViewCell.swift */; };
		788553BB289BC956008C56C3 /* DefaultTestViewController.swift in Sources */ = {isa = PBXBuildFile; fileRef = 788553BA289BC956008C56C3 /* DefaultTestViewController.swift */; };
		7885AE8828AB21B600E09CB1 /* PieChartTestViewController.swift in Sources */ = {isa = PBXBuildFile; fileRef = 7885AE8728AB21B600E09CB1 /* PieChartTestViewController.swift */; };
		7885AE8A28AB21C500E09CB1 /* PieChartView.swift in Sources */ = {isa = PBXBuildFile; fileRef = 7885AE8928AB21C500E09CB1 /* PieChartView.swift */; };
		7885AE8C28AB24AD00E09CB1 /* SwiftUIView.swift in Sources */ = {isa = PBXBuildFile; fileRef = 7885AE8B28AB24AD00E09CB1 /* SwiftUIView.swift */; };
		78C8D3C7289A3B4000CE87B9 /* HospitaListViewController.swift in Sources */ = {isa = PBXBuildFile; fileRef = 78C8D3C6289A3B4000CE87B9 /* HospitaListViewController.swift */; };
/* End PBXBuildFile section */

/* Begin PBXFileReference section */
		083F27877F219D4D3A86EF1E /* Pods-Test.release.xcconfig */ = {isa = PBXFileReference; includeInIndex = 1; lastKnownFileType = text.xcconfig; name = "Pods-Test.release.xcconfig"; path = "Target Support Files/Pods-Test/Pods-Test.release.xcconfig"; sourceTree = "<group>"; };
		783205FF2898B95B009827F6 /* Test.app */ = {isa = PBXFileReference; explicitFileType = wrapper.application; includeInIndex = 0; path = Test.app; sourceTree = BUILT_PRODUCTS_DIR; };
		783206022898B95B009827F6 /* AppDelegate.swift */ = {isa = PBXFileReference; lastKnownFileType = sourcecode.swift; path = AppDelegate.swift; sourceTree = "<group>"; };
		783206042898B95B009827F6 /* SceneDelegate.swift */ = {isa = PBXFileReference; lastKnownFileType = sourcecode.swift; path = SceneDelegate.swift; sourceTree = "<group>"; };
		783206062898B95B009827F6 /* ViewController.swift */ = {isa = PBXFileReference; lastKnownFileType = sourcecode.swift; path = ViewController.swift; sourceTree = "<group>"; };
		783206092898B95B009827F6 /* Base */ = {isa = PBXFileReference; lastKnownFileType = file.storyboard; name = Base; path = Base.lproj/Main.storyboard; sourceTree = "<group>"; };
		7832060B2898B95B009827F6 /* Assets.xcassets */ = {isa = PBXFileReference; lastKnownFileType = folder.assetcatalog; path = Assets.xcassets; sourceTree = "<group>"; };
		7832060E2898B95B009827F6 /* Base */ = {isa = PBXFileReference; lastKnownFileType = file.storyboard; name = Base; path = Base.lproj/LaunchScreen.storyboard; sourceTree = "<group>"; };
		783206102898B95B009827F6 /* Info.plist */ = {isa = PBXFileReference; lastKnownFileType = text.plist.xml; path = Info.plist; sourceTree = "<group>"; };
		783206162898D95E009827F6 /* SignUpViewController.swift */ = {isa = PBXFileReference; lastKnownFileType = sourcecode.swift; path = SignUpViewController.swift; sourceTree = "<group>"; };
		785A21F0289A4F94003379FD /* tabBarViewController.swift */ = {isa = PBXFileReference; lastKnownFileType = sourcecode.swift; path = tabBarViewController.swift; sourceTree = "<group>"; };
		785A21F2289A5B74003379FD /* BarGraphViewController.swift */ = {isa = PBXFileReference; lastKnownFileType = sourcecode.swift; path = BarGraphViewController.swift; sourceTree = "<group>"; };
		785A21F4289A621A003379FD /* barGraphView.swift */ = {isa = PBXFileReference; lastKnownFileType = sourcecode.swift; path = barGraphView.swift; sourceTree = "<group>"; };
		785A221A289A740D003379FD /* TestData.swift */ = {isa = PBXFileReference; lastKnownFileType = sourcecode.swift; path = TestData.swift; sourceTree = "<group>"; };
		788553B0289B7C53008C56C3 /* TestViewController.swift */ = {isa = PBXFileReference; lastKnownFileType = sourcecode.swift; path = TestViewController.swift; sourceTree = "<group>"; };
		788553B2289B7CBE008C56C3 /* SettingsViewController.swift */ = {isa = PBXFileReference; lastKnownFileType = sourcecode.swift; path = SettingsViewController.swift; sourceTree = "<group>"; };
		788553B4289B7CC9008C56C3 /* HomeViewController.swift */ = {isa = PBXFileReference; lastKnownFileType = sourcecode.swift; path = HomeViewController.swift; sourceTree = "<group>"; };
		788553B8289B94E9008C56C3 /* DateCollectionViewCell.swift */ = {isa = PBXFileReference; lastKnownFileType = sourcecode.swift; path = DateCollectionViewCell.swift; sourceTree = "<group>"; };
		788553BA289BC956008C56C3 /* DefaultTestViewController.swift */ = {isa = PBXFileReference; lastKnownFileType = sourcecode.swift; path = DefaultTestViewController.swift; sourceTree = "<group>"; };
		7885AE8728AB21B600E09CB1 /* PieChartTestViewController.swift */ = {isa = PBXFileReference; lastKnownFileType = sourcecode.swift; path = PieChartTestViewController.swift; sourceTree = "<group>"; };
		7885AE8928AB21C500E09CB1 /* PieChartView.swift */ = {isa = PBXFileReference; lastKnownFileType = sourcecode.swift; path = PieChartView.swift; sourceTree = "<group>"; };
		7885AE8B28AB24AD00E09CB1 /* SwiftUIView.swift */ = {isa = PBXFileReference; lastKnownFileType = sourcecode.swift; path = SwiftUIView.swift; sourceTree = "<group>"; };
		78C8D3C6289A3B4000CE87B9 /* HospitaListViewController.swift */ = {isa = PBXFileReference; lastKnownFileType = sourcecode.swift; path = HospitaListViewController.swift; sourceTree = "<group>"; };
		9104D9C6832A445E76B481D8 /* Pods-Test.debug.xcconfig */ = {isa = PBXFileReference; includeInIndex = 1; lastKnownFileType = text.xcconfig; name = "Pods-Test.debug.xcconfig"; path = "Target Support Files/Pods-Test/Pods-Test.debug.xcconfig"; sourceTree = "<group>"; };
		F83DEE40F633D7C06F8E8F7E /* Pods_Test.framework */ = {isa = PBXFileReference; explicitFileType = wrapper.framework; includeInIndex = 0; path = Pods_Test.framework; sourceTree = BUILT_PRODUCTS_DIR; };
/* End PBXFileReference section */

/* Begin PBXFrameworksBuildPhase section */
		783205FC2898B95B009827F6 /* Frameworks */ = {
			isa = PBXFrameworksBuildPhase;
			buildActionMask = 2147483647;
			files = (
				0AF9A0B15746A847FE4F729A /* Pods_Test.framework in Frameworks */,
			);
			runOnlyForDeploymentPostprocessing = 0;
		};
/* End PBXFrameworksBuildPhase section */

/* Begin PBXGroup section */
		783205F62898B95B009827F6 = {
			isa = PBXGroup;
			children = (
				783206012898B95B009827F6 /* Test */,
				783206002898B95B009827F6 /* Products */,
				D65DD983BDA7E7EAFD1BAC07 /* Pods */,
				7FCACA7AB8E1CA492D549109 /* Frameworks */,
			);
			sourceTree = "<group>";
		};
		783206002898B95B009827F6 /* Products */ = {
			isa = PBXGroup;
			children = (
				783205FF2898B95B009827F6 /* Test.app */,
			);
			name = Products;
			sourceTree = "<group>";
		};
		783206012898B95B009827F6 /* Test */ = {
			isa = PBXGroup;
			children = (
				788553BA289BC956008C56C3 /* DefaultTestViewController.swift */,
				785A221A289A740D003379FD /* TestData.swift */,
				783206022898B95B009827F6 /* AppDelegate.swift */,
				783206042898B95B009827F6 /* SceneDelegate.swift */,
				783206062898B95B009827F6 /* ViewController.swift */,
				783206162898D95E009827F6 /* SignUpViewController.swift */,
				785A21F0289A4F94003379FD /* tabBarViewController.swift */,
				788553B2289B7CBE008C56C3 /* SettingsViewController.swift */,
				788553B4289B7CC9008C56C3 /* HomeViewController.swift */,
				788553B0289B7C53008C56C3 /* TestViewController.swift */,
				78C8D3C6289A3B4000CE87B9 /* HospitaListViewController.swift */,
				783206082898B95B009827F6 /* Main.storyboard */,
				7885AE8728AB21B600E09CB1 /* PieChartTestViewController.swift */,
				7885AE8B28AB24AD00E09CB1 /* SwiftUIView.swift */,
				7885AE8928AB21C500E09CB1 /* PieChartView.swift */,
				7832060B2898B95B009827F6 /* Assets.xcassets */,
				7832060D2898B95B009827F6 /* LaunchScreen.storyboard */,
				783206102898B95B009827F6 /* Info.plist */,
				785A21F2289A5B74003379FD /* BarGraphViewController.swift */,
				788553B8289B94E9008C56C3 /* DateCollectionViewCell.swift */,
				785A21F4289A621A003379FD /* barGraphView.swift */,
			);
			path = Test;
			sourceTree = "<group>";
		};
		7FCACA7AB8E1CA492D549109 /* Frameworks */ = {
			isa = PBXGroup;
			children = (
				F83DEE40F633D7C06F8E8F7E /* Pods_Test.framework */,
			);
			name = Frameworks;
			sourceTree = "<group>";
		};
		D65DD983BDA7E7EAFD1BAC07 /* Pods */ = {
			isa = PBXGroup;
			children = (
				9104D9C6832A445E76B481D8 /* Pods-Test.debug.xcconfig */,
				083F27877F219D4D3A86EF1E /* Pods-Test.release.xcconfig */,
			);
			name = Pods;
			path = Pods;
			sourceTree = "<group>";
		};
/* End PBXGroup section */

/* Begin PBXNativeTarget section */
		783205FE2898B95B009827F6 /* Test */ = {
			isa = PBXNativeTarget;
			buildConfigurationList = 783206132898B95B009827F6 /* Build configuration list for PBXNativeTarget "Test" */;
			buildPhases = (
				D390A1352F914B595621B90E /* [CP] Check Pods Manifest.lock */,
				783205FB2898B95B009827F6 /* Sources */,
				783205FC2898B95B009827F6 /* Frameworks */,
				783205FD2898B95B009827F6 /* Resources */,
				F08D4DE88F4ED3B0E9DC9C12 /* [CP] Embed Pods Frameworks */,
			);
			buildRules = (
			);
			dependencies = (
			);
			name = Test;
			productName = Test;
			productReference = 783205FF2898B95B009827F6 /* Test.app */;
			productType = "com.apple.product-type.application";
		};
/* End PBXNativeTarget section */

/* Begin PBXProject section */
		783205F72898B95B009827F6 /* Project object */ = {
			isa = PBXProject;
			attributes = {
				BuildIndependentTargetsInParallel = 1;
				LastSwiftUpdateCheck = 1340;
				LastUpgradeCheck = 1340;
				TargetAttributes = {
					783205FE2898B95B009827F6 = {
						CreatedOnToolsVersion = 13.4.1;
					};
				};
			};
			buildConfigurationList = 783205FA2898B95B009827F6 /* Build configuration list for PBXProject "Test" */;
			compatibilityVersion = "Xcode 13.0";
			developmentRegion = en;
			hasScannedForEncodings = 0;
			knownRegions = (
				en,
				Base,
			);
			mainGroup = 783205F62898B95B009827F6;
			productRefGroup = 783206002898B95B009827F6 /* Products */;
			projectDirPath = "";
			projectRoot = "";
			targets = (
				783205FE2898B95B009827F6 /* Test */,
			);
		};
/* End PBXProject section */

/* Begin PBXResourcesBuildPhase section */
		783205FD2898B95B009827F6 /* Resources */ = {
			isa = PBXResourcesBuildPhase;
			buildActionMask = 2147483647;
			files = (
				7832060F2898B95B009827F6 /* LaunchScreen.storyboard in Resources */,
				7832060C2898B95B009827F6 /* Assets.xcassets in Resources */,
				7832060A2898B95B009827F6 /* Main.storyboard in Resources */,
			);
			runOnlyForDeploymentPostprocessing = 0;
		};
/* End PBXResourcesBuildPhase section */

/* Begin PBXShellScriptBuildPhase section */
		D390A1352F914B595621B90E /* [CP] Check Pods Manifest.lock */ = {
			isa = PBXShellScriptBuildPhase;
			buildActionMask = 2147483647;
			files = (
			);
			inputFileListPaths = (
			);
			inputPaths = (
				"${PODS_PODFILE_DIR_PATH}/Podfile.lock",
				"${PODS_ROOT}/Manifest.lock",
			);
			name = "[CP] Check Pods Manifest.lock";
			outputFileListPaths = (
			);
			outputPaths = (
				"$(DERIVED_FILE_DIR)/Pods-Test-checkManifestLockResult.txt",
			);
			runOnlyForDeploymentPostprocessing = 0;
			shellPath = /bin/sh;
			shellScript = "diff \"${PODS_PODFILE_DIR_PATH}/Podfile.lock\" \"${PODS_ROOT}/Manifest.lock\" > /dev/null\nif [ $? != 0 ] ; then\n    # print error to STDERR\n    echo \"error: The sandbox is not in sync with the Podfile.lock. Run 'pod install' or update your CocoaPods installation.\" >&2\n    exit 1\nfi\n# This output is used by Xcode 'outputs' to avoid re-running this script phase.\necho \"SUCCESS\" > \"${SCRIPT_OUTPUT_FILE_0}\"\n";
			showEnvVarsInLog = 0;
		};
		F08D4DE88F4ED3B0E9DC9C12 /* [CP] Embed Pods Frameworks */ = {
			isa = PBXShellScriptBuildPhase;
			buildActionMask = 2147483647;
			files = (
			);
			inputFileListPaths = (
				"${PODS_ROOT}/Target Support Files/Pods-Test/Pods-Test-frameworks-${CONFIGURATION}-input-files.xcfilelist",
			);
			name = "[CP] Embed Pods Frameworks";
			outputFileListPaths = (
				"${PODS_ROOT}/Target Support Files/Pods-Test/Pods-Test-frameworks-${CONFIGURATION}-output-files.xcfilelist",
			);
			runOnlyForDeploymentPostprocessing = 0;
			shellPath = /bin/sh;
			shellScript = "\"${PODS_ROOT}/Target Support Files/Pods-Test/Pods-Test-frameworks.sh\"\n";
			showEnvVarsInLog = 0;
		};
/* End PBXShellScriptBuildPhase section */

/* Begin PBXSourcesBuildPhase section */
		783205FB2898B95B009827F6 /* Sources */ = {
			isa = PBXSourcesBuildPhase;
			buildActionMask = 2147483647;
			files = (
				788553B1289B7C53008C56C3 /* TestViewController.swift in Sources */,
				785A221B289A740D003379FD /* TestData.swift in Sources */,
				7885AE8C28AB24AD00E09CB1 /* SwiftUIView.swift in Sources */,
				788553B3289B7CBE008C56C3 /* SettingsViewController.swift in Sources */,
				785A21F1289A4F94003379FD /* tabBarViewController.swift in Sources */,
				783206072898B95B009827F6 /* ViewController.swift in Sources */,
				785A21F3289A5B74003379FD /* BarGraphViewController.swift in Sources */,
				783206032898B95B009827F6 /* AppDelegate.swift in Sources */,
				783206172898D95E009827F6 /* SignUpViewController.swift in Sources */,
				7885AE8A28AB21C500E09CB1 /* PieChartView.swift in Sources */,
				788553BB289BC956008C56C3 /* DefaultTestViewController.swift in Sources */,
				78C8D3C7289A3B4000CE87B9 /* HospitaListViewController.swift in Sources */,
				783206052898B95B009827F6 /* SceneDelegate.swift in Sources */,
				785A21F5289A621A003379FD /* barGraphView.swift in Sources */,
				7885AE8828AB21B600E09CB1 /* PieChartTestViewController.swift in Sources */,
				788553B5289B7CC9008C56C3 /* HomeViewController.swift in Sources */,
				788553B9289B94E9008C56C3 /* DateCollectionViewCell.swift in Sources */,
			);
			runOnlyForDeploymentPostprocessing = 0;
		};
/* End PBXSourcesBuildPhase section */

/* Begin PBXVariantGroup section */
		783206082898B95B009827F6 /* Main.storyboard */ = {
			isa = PBXVariantGroup;
			children = (
				783206092898B95B009827F6 /* Base */,
			);
			name = Main.storyboard;
			sourceTree = "<group>";
		};
		7832060D2898B95B009827F6 /* LaunchScreen.storyboard */ = {
			isa = PBXVariantGroup;
			children = (
				7832060E2898B95B009827F6 /* Base */,
			);
			name = LaunchScreen.storyboard;
			sourceTree = "<group>";
		};
/* End PBXVariantGroup section */

/* Begin XCBuildConfiguration section */
		783206112898B95B009827F6 /* Debug */ = {
			isa = XCBuildConfiguration;
			buildSettings = {
				ALWAYS_SEARCH_USER_PATHS = NO;
				CLANG_ANALYZER_NONNULL = YES;
				CLANG_ANALYZER_NUMBER_OBJECT_CONVERSION = YES_AGGRESSIVE;
				CLANG_CXX_LANGUAGE_STANDARD = "gnu++17";
				CLANG_ENABLE_MODULES = YES;
				CLANG_ENABLE_OBJC_ARC = YES;
				CLANG_ENABLE_OBJC_WEAK = YES;
				CLANG_WARN_BLOCK_CAPTURE_AUTORELEASING = YES;
				CLANG_WARN_BOOL_CONVERSION = YES;
				CLANG_WARN_COMMA = YES;
				CLANG_WARN_CONSTANT_CONVERSION = YES;
				CLANG_WARN_DEPRECATED_OBJC_IMPLEMENTATIONS = YES;
				CLANG_WARN_DIRECT_OBJC_ISA_USAGE = YES_ERROR;
				CLANG_WARN_DOCUMENTATION_COMMENTS = YES;
				CLANG_WARN_EMPTY_BODY = YES;
				CLANG_WARN_ENUM_CONVERSION = YES;
				CLANG_WARN_INFINITE_RECURSION = YES;
				CLANG_WARN_INT_CONVERSION = YES;
				CLANG_WARN_NON_LITERAL_NULL_CONVERSION = YES;
				CLANG_WARN_OBJC_IMPLICIT_RETAIN_SELF = YES;
				CLANG_WARN_OBJC_LITERAL_CONVERSION = YES;
				CLANG_WARN_OBJC_ROOT_CLASS = YES_ERROR;
				CLANG_WARN_QUOTED_INCLUDE_IN_FRAMEWORK_HEADER = YES;
				CLANG_WARN_RANGE_LOOP_ANALYSIS = YES;
				CLANG_WARN_STRICT_PROTOTYPES = YES;
				CLANG_WARN_SUSPICIOUS_MOVE = YES;
				CLANG_WARN_UNGUARDED_AVAILABILITY = YES_AGGRESSIVE;
				CLANG_WARN_UNREACHABLE_CODE = YES;
				CLANG_WARN__DUPLICATE_METHOD_MATCH = YES;
				COPY_PHASE_STRIP = NO;
				DEBUG_INFORMATION_FORMAT = dwarf;
				ENABLE_STRICT_OBJC_MSGSEND = YES;
				ENABLE_TESTABILITY = YES;
				GCC_C_LANGUAGE_STANDARD = gnu11;
				GCC_DYNAMIC_NO_PIC = NO;
				GCC_NO_COMMON_BLOCKS = YES;
				GCC_OPTIMIZATION_LEVEL = 0;
				GCC_PREPROCESSOR_DEFINITIONS = (
					"DEBUG=1",
					"$(inherited)",
				);
				GCC_WARN_64_TO_32_BIT_CONVERSION = YES;
				GCC_WARN_ABOUT_RETURN_TYPE = YES_ERROR;
				GCC_WARN_UNDECLARED_SELECTOR = YES;
				GCC_WARN_UNINITIALIZED_AUTOS = YES_AGGRESSIVE;
				GCC_WARN_UNUSED_FUNCTION = YES;
				GCC_WARN_UNUSED_VARIABLE = YES;
				IPHONEOS_DEPLOYMENT_TARGET = 15.5;
				MTL_ENABLE_DEBUG_INFO = INCLUDE_SOURCE;
				MTL_FAST_MATH = YES;
				ONLY_ACTIVE_ARCH = YES;
				SDKROOT = iphoneos;
				SWIFT_ACTIVE_COMPILATION_CONDITIONS = DEBUG;
				SWIFT_OPTIMIZATION_LEVEL = "-Onone";
			};
			name = Debug;
		};
		783206122898B95B009827F6 /* Release */ = {
			isa = XCBuildConfiguration;
			buildSettings = {
				ALWAYS_SEARCH_USER_PATHS = NO;
				CLANG_ANALYZER_NONNULL = YES;
				CLANG_ANALYZER_NUMBER_OBJECT_CONVERSION = YES_AGGRESSIVE;
				CLANG_CXX_LANGUAGE_STANDARD = "gnu++17";
				CLANG_ENABLE_MODULES = YES;
				CLANG_ENABLE_OBJC_ARC = YES;
				CLANG_ENABLE_OBJC_WEAK = YES;
				CLANG_WARN_BLOCK_CAPTURE_AUTORELEASING = YES;
				CLANG_WARN_BOOL_CONVERSION = YES;
				CLANG_WARN_COMMA = YES;
				CLANG_WARN_CONSTANT_CONVERSION = YES;
				CLANG_WARN_DEPRECATED_OBJC_IMPLEMENTATIONS = YES;
				CLANG_WARN_DIRECT_OBJC_ISA_USAGE = YES_ERROR;
				CLANG_WARN_DOCUMENTATION_COMMENTS = YES;
				CLANG_WARN_EMPTY_BODY = YES;
				CLANG_WARN_ENUM_CONVERSION = YES;
				CLANG_WARN_INFINITE_RECURSION = YES;
				CLANG_WARN_INT_CONVERSION = YES;
				CLANG_WARN_NON_LITERAL_NULL_CONVERSION = YES;
				CLANG_WARN_OBJC_IMPLICIT_RETAIN_SELF = YES;
				CLANG_WARN_OBJC_LITERAL_CONVERSION = YES;
				CLANG_WARN_OBJC_ROOT_CLASS = YES_ERROR;
				CLANG_WARN_QUOTED_INCLUDE_IN_FRAMEWORK_HEADER = YES;
				CLANG_WARN_RANGE_LOOP_ANALYSIS = YES;
				CLANG_WARN_STRICT_PROTOTYPES = YES;
				CLANG_WARN_SUSPICIOUS_MOVE = YES;
				CLANG_WARN_UNGUARDED_AVAILABILITY = YES_AGGRESSIVE;
				CLANG_WARN_UNREACHABLE_CODE = YES;
				CLANG_WARN__DUPLICATE_METHOD_MATCH = YES;
				COPY_PHASE_STRIP = NO;
				DEBUG_INFORMATION_FORMAT = "dwarf-with-dsym";
				ENABLE_NS_ASSERTIONS = NO;
				ENABLE_STRICT_OBJC_MSGSEND = YES;
				GCC_C_LANGUAGE_STANDARD = gnu11;
				GCC_NO_COMMON_BLOCKS = YES;
				GCC_WARN_64_TO_32_BIT_CONVERSION = YES;
				GCC_WARN_ABOUT_RETURN_TYPE = YES_ERROR;
				GCC_WARN_UNDECLARED_SELECTOR = YES;
				GCC_WARN_UNINITIALIZED_AUTOS = YES_AGGRESSIVE;
				GCC_WARN_UNUSED_FUNCTION = YES;
				GCC_WARN_UNUSED_VARIABLE = YES;
				IPHONEOS_DEPLOYMENT_TARGET = 15.5;
				MTL_ENABLE_DEBUG_INFO = NO;
				MTL_FAST_MATH = YES;
				SDKROOT = iphoneos;
				SWIFT_COMPILATION_MODE = wholemodule;
				SWIFT_OPTIMIZATION_LEVEL = "-O";
				VALIDATE_PRODUCT = YES;
			};
			name = Release;
		};
		783206142898B95B009827F6 /* Debug */ = {
			isa = XCBuildConfiguration;
			baseConfigurationReference = 9104D9C6832A445E76B481D8 /* Pods-Test.debug.xcconfig */;
			buildSettings = {
				ASSETCATALOG_COMPILER_APPICON_NAME = AppIcon;
				ASSETCATALOG_COMPILER_GLOBAL_ACCENT_COLOR_NAME = AccentColor;
				CODE_SIGN_STYLE = Automatic;
				CURRENT_PROJECT_VERSION = 1;
				GENERATE_INFOPLIST_FILE = YES;
				INFOPLIST_FILE = Test/Info.plist;
				INFOPLIST_KEY_UIApplicationSupportsIndirectInputEvents = YES;
				INFOPLIST_KEY_UILaunchStoryboardName = LaunchScreen;
				INFOPLIST_KEY_UIMainStoryboardFile = Main;
				INFOPLIST_KEY_UISupportedInterfaceOrientations = UIInterfaceOrientationPortrait;
				INFOPLIST_KEY_UISupportedInterfaceOrientations_iPad = "UIInterfaceOrientationPortrait UIInterfaceOrientationPortraitUpsideDown UIInterfaceOrientationLandscapeLeft UIInterfaceOrientationLandscapeRight";
				INFOPLIST_KEY_UISupportedInterfaceOrientations_iPhone = "UIInterfaceOrientationPortrait UIInterfaceOrientationLandscapeLeft UIInterfaceOrientationLandscapeRight";
				LD_RUNPATH_SEARCH_PATHS = (
					"$(inherited)",
					"@executable_path/Frameworks",
				);
				MARKETING_VERSION = 1.0;
				PRODUCT_BUNDLE_IDENTIFIER = com.pntbix.Test;
				PRODUCT_NAME = "$(TARGET_NAME)";
				SWIFT_EMIT_LOC_STRINGS = YES;
				SWIFT_VERSION = 5.0;
				TARGETED_DEVICE_FAMILY = 1;
			};
			name = Debug;
		};
		783206152898B95B009827F6 /* Release */ = {
			isa = XCBuildConfiguration;
			baseConfigurationReference = 083F27877F219D4D3A86EF1E /* Pods-Test.release.xcconfig */;
			buildSettings = {
				ASSETCATALOG_COMPILER_APPICON_NAME = AppIcon;
				ASSETCATALOG_COMPILER_GLOBAL_ACCENT_COLOR_NAME = AccentColor;
				CODE_SIGN_STYLE = Automatic;
				CURRENT_PROJECT_VERSION = 1;
				GENERATE_INFOPLIST_FILE = YES;
				INFOPLIST_FILE = Test/Info.plist;
				INFOPLIST_KEY_UIApplicationSupportsIndirectInputEvents = YES;
				INFOPLIST_KEY_UILaunchStoryboardName = LaunchScreen;
				INFOPLIST_KEY_UIMainStoryboardFile = Main;
				INFOPLIST_KEY_UISupportedInterfaceOrientations = UIInterfaceOrientationPortrait;
				INFOPLIST_KEY_UISupportedInterfaceOrientations_iPad = "UIInterfaceOrientationPortrait UIInterfaceOrientationPortraitUpsideDown UIInterfaceOrientationLandscapeLeft UIInterfaceOrientationLandscapeRight";
				INFOPLIST_KEY_UISupportedInterfaceOrientations_iPhone = "UIInterfaceOrientationPortrait UIInterfaceOrientationLandscapeLeft UIInterfaceOrientationLandscapeRight";
				LD_RUNPATH_SEARCH_PATHS = (
					"$(inherited)",
					"@executable_path/Frameworks",
				);
				MARKETING_VERSION = 1.0;
				PRODUCT_BUNDLE_IDENTIFIER = com.pntbix.Test;
				PRODUCT_NAME = "$(TARGET_NAME)";
				SWIFT_EMIT_LOC_STRINGS = YES;
				SWIFT_VERSION = 5.0;
				TARGETED_DEVICE_FAMILY = 1;
			};
			name = Release;
		};
/* End XCBuildConfiguration section */

/* Begin XCConfigurationList section */
		783205FA2898B95B009827F6 /* Build configuration list for PBXProject "Test" */ = {
			isa = XCConfigurationList;
			buildConfigurations = (
				783206112898B95B009827F6 /* Debug */,
				783206122898B95B009827F6 /* Release */,
			);
			defaultConfigurationIsVisible = 0;
			defaultConfigurationName = Release;
		};
		783206132898B95B009827F6 /* Build configuration list for PBXNativeTarget "Test" */ = {
			isa = XCConfigurationList;
			buildConfigurations = (
				783206142898B95B009827F6 /* Debug */,
				783206152898B95B009827F6 /* Release */,
			);
			defaultConfigurationIsVisible = 0;
			defaultConfigurationName = Release;
		};
/* End XCConfigurationList section */
	};
	rootObject = 783205F72898B95B009827F6 /* Project object */;
}
